{
  "name": "ai-gallery-miniprogram",
  "version": "1.0.0",
  "lockfileVersion": 3,
  "requires": true,
  "packages": {
    "": {
      "name": "ai-gallery-miniprogram",
      "version": "1.0.0",
      "license": "MIT",
      "dependencies": {
        "tdesign-miniprogram": "^1.11.0"
      },
      "devDependencies": {
        "miniprogram-api-typings": "^2.8.3-1"
      }
    },
    "node_modules/miniprogram-api-typings": {
      "version": "2.12.0",
      "resolved": "https://registry.npmmirror.com/miniprogram-api-typings/-/miniprogram-api-typings-2.12.0.tgz",
      "integrity": "sha512-ibvbqeslVFur0IAvTxLMvsbtvVcMo6gwvOnj0YZHV7aeDLu091VQRrETT2QuiG9P6aZWRcxeNGJChRKVPCp9VQ==",
      "dev": true,
      "license": "MIT"
    },
    "node_modules/tdesign-miniprogram": {
      "version": "1.11.0",
      "resolved": "https://registry.npmmirror.com/tdesign-miniprogram/-/tdesign-miniprogram-1.11.0.tgz",
      "integrity": "sha512-1Siv2HVrSVlFiQBQXEjBrCvvsC3NQUsGgiej2RDXOxXHAPH2nynLhJhK+wu+KptzXi5GV+XYr+PHV2Je8vgW3w==",
      "license": "MIT"
    }
  }
}
